version = 1
revision = 3
requires-python = "==3.12.*"

[[package]]
name = "biopython"
version = "1.87"
source = { registry = "https://pypi.org/simple" }
dependencies = [
    { name = "numpy" },
]
sdist = { url = "https://files.pythonhosted.org/packages/df/3e/3c6aa8b2a7e6b791a34407736db32f59657001f0446ada31db73a3e0b7d5/biopython-1.87.tar.gz", hash = "sha256:8456c803459b679a9712422e5a7fd9809f2f089bf69bb085f3b077946ac9bdbf", size = 19855264, upload-time = "2026-03-30T11:28:29.823Z" }
wheels = [
    { url = "https://files.pythonhosted.org/packages/60/a6/18f024658c364196b7f9519674edd3233136fa19874b7ffd9e55ea0fd8e6/biopython-1.87-cp312-cp312-macosx_11_0_arm64.whl", hash = "sha256:77ccc634621904d4a8fa0a43b5e0f093fa9df8c9577ed3858af648bb3528f51e", size = 2680980, upload-time = "2026-03-30T11:37:58.626Z" },
    { url = "https://files.pythonhosted.org/packages/c1/40/37c45bb4b5e345664bd970c3294349d1e35d4ad5794f808324bbef6ff9e7/biopython-1.87-cp312-cp312-manylinux2014_aarch64.manylinux_2_17_aarch64.manylinux_2_28_aarch64.whl", hash = "sha256:a3428155c3e0abbed7aad5ff08e034d435b84dfe560c8ec58e7d43abda4b6a43", size = 3220352, upload-time = "2026-03-30T11:38:03.619Z" },
    { url = "https://files.pythonhosted.org/packages/a9/28/7898c2061966d6d62f0bb2e53cd5e1b3bb3053d2bc431f299802faca23cc/biopython-1.87-cp312-cp312-manylinux2014_x86_64.manylinux_2_17_x86_64.manylinux_2_28_x86_64.whl", hash = "sha256:65ba69ef0273e983a9036c2a228142bc34266179a5f03660fc281d332d718630", size = 3246483, upload-time = "2026-03-30T11:38:07.185Z" },
    { url = "https://files.pythonhosted.org/packages/54/d3/a594c8443dc8979b3c051aa266aa4af2d39762c4bb2c37fe6892a19a7713/biopython-1.87-cp312-cp312-win32.whl", hash = "sha256:b077777fd2c555434bdcee58743f6f860aa80e1e005d9671913aa73823c6a773", size = 2709063, upload-time = "2026-03-30T11:38:13.53Z" },
    { url = "https://files.pythonhosted.org/packages/96/1a/d5884c67b20d9ae2b8d93593c971363421fd04c3dc8f5c35530c18e1d6a7/biopython-1.87-cp312-cp312-win_amd64.whl", hash = "sha256:856e3d64f1f27db493474ff84916ed8572731a525e001c7d0d8f41a0fd187000", size = 2743967, upload-time = "2026-03-30T11:38:10.739Z" },
]

[[package]]
name = "colorama"
version = "0.4.6"
source = { registry = "https://pypi.org/simple" }
sdist = { url = "https://files.pythonhosted.org/packages/d8/53/6f443c9a4a8358a93a6792e2acffb9d9d5cb0a5cfd8802644b7b1c9a02e4/colorama-0.4.6.tar.gz", hash = "sha256:08695f5cb7ed6e0531a20572697297273c47b8cae5a63ffc6d6ed5c201be6e44", size = 27697, upload-time = "2022-10-25T02:36:22.414Z" }
wheels = [
    { url = "https://files.pythonhosted.org/packages/d1/d6/3965ed04c63042e047cb6a3e6ed1a63a35087b6a609aa3a15ed8ac56c221/colorama-0.4.6-py2.py3-none-any.whl", hash = "sha256:4f1d9991f5acc0ca119f9d443620b77f9d6b33703e51011c16baf57afb285fc6", size = 25335, upload-time = "2022-10-25T02:36:20.889Z" },
]

[[package]]
name = "coverage"
version = "7.13.5"
source = { registry = "https://pypi.org/simple" }
sdist = { url = "https://files.pythonhosted.org/packages/9d/e0/70553e3000e345daff267cec284ce4cbf3fc141b6da229ac52775b5428f1/coverage-7.13.5.tar.gz", hash = "sha256:c81f6515c4c40141f83f502b07bbfa5c240ba25bbe73da7b33f1e5b6120ff179", size = 915967, upload-time = "2026-03-17T10:33:18.341Z" }
wheels = [
    { url = "https://files.pythonhosted.org/packages/a0/c3/a396306ba7db865bf96fc1fb3b7fd29bcbf3d829df642e77b13555163cd6/coverage-7.13.5-cp312-cp312-macosx_10_13_x86_64.whl", hash = "sha256:460cf0114c5016fa841214ff5564aa4864f11948da9440bc97e21ad1f4ba1e01", size = 219554, upload-time = "2026-03-17T10:30:42.208Z" },
    { url = "https://files.pythonhosted.org/packages/a6/16/a68a19e5384e93f811dccc51034b1fd0b865841c390e3c931dcc4699e035/coverage-7.13.5-cp312-cp312-macosx_11_0_arm64.whl", hash = "sha256:0e223ce4b4ed47f065bfb123687686512e37629be25cc63728557ae7db261422", size = 219908, upload-time = "2026-03-17T10:30:43.906Z" },
    { url = "https://files.pythonhosted.org/packages/29/72/20b917c6793af3a5ceb7fb9c50033f3ec7865f2911a1416b34a7cfa0813b/coverage-7.13.5-cp312-cp312-manylinux1_i686.manylinux_2_28_i686.manylinux_2_5_i686.whl", hash = "sha256:6e3370441f4513c6252bf042b9c36d22491142385049243253c7e48398a15a9f", size = 251419, upload-time = "2026-03-17T10:30:45.545Z" },
    { url = "https://files.pythonhosted.org/packages/8c/49/cd14b789536ac6a4778c453c6a2338bc0a2fb60c5a5a41b4008328b9acc1/coverage-7.13.5-cp312-cp312-manylinux1_x86_64.manylinux_2_28_x86_64.manylinux_2_5_x86_64.whl", hash = "sha256:03ccc709a17a1de074fb1d11f217342fb0d2b1582ed544f554fc9fc3f07e95f5", size = 254159, upload-time = "2026-03-17T10:30:47.204Z" },
    { url = "https://files.pythonhosted.org/packages/9d/00/7b0edcfe64e2ed4c0340dac14a52ad0f4c9bd0b8b5e531af7d55b703db7c/coverage-7.13.5-cp312-cp312-manylinux2014_aarch64.manylinux_2_17_aarch64.manylinux_2_28_aarch64.whl", hash = "sha256:3f4818d065964db3c1c66dc0fbdac5ac692ecbc875555e13374fdbe7eedb4376", size = 255270, upload-time = "2026-03-17T10:30:48.812Z" },
    { url = "https://files.pythonhosted.org/packages/93/89/7ffc4ba0f5d0a55c1e84ea7cee39c9fc06af7b170513d83fbf3bbefce280/coverage-7.13.5-cp312-cp312-manylinux2014_ppc64le.manylinux_2_17_ppc64le.manylinux_2_28_ppc64le.whl", hash = "sha256:012d5319e66e9d5a218834642d6c35d265515a62f01157a45bcc036ecf947256", size = 257538, upload-time = "2026-03-17T10:30:50.77Z" },
    { url = "https://files.pythonhosted.org/packages/81/bd/73ddf85f93f7e6fa83e77ccecb6162d9415c79007b4bc124008a4995e4a7/coverage-7.13.5-cp312-cp312-manylinux_2_31_riscv64.manylinux_2_39_riscv64.whl", hash = "sha256:8dd02af98971bdb956363e4827d34425cb3df19ee550ef92855b0acb9c7ce51c", size = 251821, upload-time = "2026-03-17T10:30:52.5Z" },
    { url = "https://files.pythonhosted.org/packages/a0/81/278aff4e8dec4926a0bcb9486320752811f543a3ce5b602cc7a29978d073/coverage-7.13.5-cp312-cp312-musllinux_1_2_aarch64.whl", hash = "sha256:f08fd75c50a760c7eb068ae823777268daaf16a80b918fa58eea888f8e3919f5", size = 253191, upload-time = "2026-03-17T10:30:54.543Z" },
    { url = "https://files.pythonhosted.org/packages/70/ee/fe1621488e2e0a58d7e94c4800f0d96f79671553488d401a612bebae324b/coverage-7.13.5-cp312-cp312-musllinux_1_2_i686.whl", hash = "sha256:843ea8643cf967d1ac7e8ecd4bb00c99135adf4816c0c0593fdcc47b597fcf09", size = 251337, upload-time = "2026-03-17T10:30:56.663Z" },
    { url = "https://files.pythonhosted.org/packages/37/a6/f79fb37aa104b562207cc23cb5711ab6793608e246cae1e93f26b2236ed9/coverage-7.13.5-cp312-cp312-musllinux_1_2_ppc64le.whl", hash = "sha256:9d44d7aa963820b1b971dbecd90bfe5fe8f81cff79787eb6cca15750bd2f79b9", size = 255404, upload-time = "2026-03-17T10:30:58.427Z" },
    { url = "https://files.pythonhosted.org/packages/75/f0/ed15262a58ec81ce457ceb717b7f78752a1713556b19081b76e90896e8d4/coverage-7.13.5-cp312-cp312-musllinux_1_2_riscv64.whl", hash = "sha256:7132bed4bd7b836200c591410ae7d97bf7ae8be6fc87d160b2bd881df929e7bf", size = 250903, upload-time = "2026-03-17T10:31:00.093Z" },
    { url = "https://files.pythonhosted.org/packages/0f/e9/9129958f20e7e9d4d56d51d42ccf708d15cac355ff4ac6e736e97a9393d2/coverage-7.13.5-cp312-cp312-musllinux_1_2_x86_64.whl", hash = "sha256:a698e363641b98843c517817db75373c83254781426e94ada3197cabbc2c919c", size = 252780, upload-time = "2026-03-17T10:31:01.916Z" },
    { url = "https://files.pythonhosted.org/packages/a4/d7/0ad9b15812d81272db94379fe4c6df8fd17781cc7671fdfa30c76ba5ff7b/coverage-7.13.5-cp312-cp312-win32.whl", hash = "sha256:bdba0a6b8812e8c7df002d908a9a2ea3c36e92611b5708633c50869e6d922fdf", size = 222093, upload-time = "2026-03-17T10:31:03.642Z" },
    { url = "https://files.pythonhosted.org/packages/29/3d/821a9a5799fac2556bcf0bd37a70d1d11fa9e49784b6d22e92e8b2f85f18/coverage-7.13.5-cp312-cp312-win_amd64.whl", hash = "sha256:d2c87e0c473a10bffe991502eac389220533024c8082ec1ce849f4218dded810", size = 222900, upload-time = "2026-03-17T10:31:05.651Z" },
    { url = "https://files.pythonhosted.org/packages/d4/fa/2238c2ad08e35cf4f020ea721f717e09ec3152aea75d191a7faf3ef009a8/coverage-7.13.5-cp312-cp312-win_arm64.whl", hash = "sha256:bf69236a9a81bdca3bff53796237aab096cdbf8d78a66ad61e992d9dac7eb2de", size = 221515, upload-time = "2026-03-17T10:31:07.293Z" },
    { url = "https://files.pythonhosted.org/packages/9e/ee/a4cf96b8ce1e566ed238f0659ac2d3f007ed1d14b181bcb684e19561a69a/coverage-7.13.5-py3-none-any.whl", hash = "sha256:34b02417cf070e173989b3db962f7ed56d2f644307b2cf9d5a0f258e13084a61", size = 211346, upload-time = "2026-03-17T10:33:15.691Z" },
]

[[package]]
name = "iniconfig"
version = "2.3.0"
source = { registry = "https://pypi.org/simple" }
sdist = { url = "https://files.pythonhosted.org/packages/72/34/14ca021ce8e5dfedc35312d08ba8bf51fdd999c576889fc2c24cb97f4f10/iniconfig-2.3.0.tar.gz", hash = "sha256:c76315c77db068650d49c5b56314774a7804df16fee4402c1f19d6d15d8c4730", size = 20503, upload-time = "2025-10-18T21:55:43.219Z" }
wheels = [
    { url = "https://files.pythonhosted.org/packages/cb/b1/3846dd7f199d53cb17f49cba7e651e9ce294d8497c8c150530ed11865bb8/iniconfig-2.3.0-py3-none-any.whl", hash = "sha256:f631c04d2c48c52b84d0d0549c99ff3859c98df65b3101406327ecc7d53fbf12", size = 7484, upload-time = "2025-10-18T21:55:41.639Z" },
]

[[package]]
name = "numpy"
version = "2.4.4"
source = { registry = "https://pypi.org/simple" }
sdist = { url = "https://files.pythonhosted.org/packages/d7/9f/b8cef5bffa569759033adda9481211426f12f53299629b410340795c2514/numpy-2.4.4.tar.gz", hash = "sha256:2d390634c5182175533585cc89f3608a4682ccb173cc9bb940b2881c8d6f8fa0", size = 20731587, upload-time = "2026-03-29T13:22:01.298Z" }
wheels = [
    { url = "https://files.pythonhosted.org/packages/28/05/32396bec30fb2263770ee910142f49c1476d08e8ad41abf8403806b520ce/numpy-2.4.4-cp312-cp312-macosx_10_13_x86_64.whl", hash = "sha256:15716cfef24d3a9762e3acdf87e27f58dc823d1348f765bbea6bef8c639bfa1b", size = 16689272, upload-time = "2026-03-29T13:18:49.223Z" },
    { url = "https://files.pythonhosted.org/packages/c5/f3/a983d28637bfcd763a9c7aafdb6d5c0ebf3d487d1e1459ffdb57e2f01117/numpy-2.4.4-cp312-cp312-macosx_11_0_arm64.whl", hash = "sha256:23cbfd4c17357c81021f21540da84ee282b9c8fba38a03b7b9d09ba6b951421e", size = 14699573, upload-time = "2026-03-29T13:18:52.629Z" },
    { url = "https://files.pythonhosted.org/packages/9b/fd/e5ecca1e78c05106d98028114f5c00d3eddb41207686b2b7de3e477b0e22/numpy-2.4.4-cp312-cp312-macosx_14_0_arm64.whl", hash = "sha256:8b3b60bb7cba2c8c81837661c488637eee696f59a877788a396d33150c35d842", size = 5204782, upload-time = "2026-03-29T13:18:55.579Z" },
    { url = "https://files.pythonhosted.org/packages/de/2f/702a4594413c1a8632092beae8aba00f1d67947389369b3777aed783fdca/numpy-2.4.4-cp312-cp312-macosx_14_0_x86_64.whl", hash = "sha256:e4a010c27ff6f210ff4c6ef34394cd61470d01014439b192ec22552ee867f2a8", size = 6552038, upload-time = "2026-03-29T13:18:57.769Z" },
    { url = "https://files.pythonhosted.org/packages/7f/37/eed308a8f56cba4d1fdf467a4fc67ef4ff4bf1c888f5fc980481890104b1/numpy-2.4.4-cp312-cp312-manylinux_2_27_aarch64.manylinux_2_28_aarch64.whl", hash = "sha256:f9e75681b59ddaa5e659898085ae0eaea229d054f2ac0c7e563a62205a700121", size = 15670666, upload-time = "2026-03-29T13:19:00.341Z" },
    { url = "https://files.pythonhosted.org/packages/0a/0d/0e3ecece05b7a7e87ab9fb587855548da437a061326fff64a223b6dcb78a/numpy-2.4.4-cp312-cp312-manylinux_2_27_x86_64.manylinux_2_28_x86_64.whl", hash = "sha256:81f4a14bee47aec54f883e0cad2d73986640c1590eb9bfaaba7ad17394481e6e", size = 16645480, upload-time = "2026-03-29T13:19:03.63Z" },
    { url = "https://files.pythonhosted.org/packages/34/49/f2312c154b82a286758ee2f1743336d50651f8b5195db18cdb63675ff649/numpy-2.4.4-cp312-cp312-musllinux_1_2_aarch64.whl", hash = "sha256:62d6b0f03b694173f9fcb1fb317f7222fd0b0b103e784c6549f5e53a27718c44", size = 17020036, upload-time = "2026-03-29T13:19:07.428Z" },
    { url = "https://files.pythonhosted.org/packages/7b/e9/736d17bd77f1b0ec4f9901aaec129c00d59f5d84d5e79bba540ef12c2330/numpy-2.4.4-cp312-cp312-musllinux_1_2_x86_64.whl", hash = "sha256:fbc356aae7adf9e6336d336b9c8111d390a05df88f1805573ebb0807bd06fd1d", size = 18368643, upload-time = "2026-03-29T13:19:10.775Z" },
    { url = "https://files.pythonhosted.org/packages/63/f6/d417977c5f519b17c8a5c3bc9e8304b0908b0e21136fe43bf628a1343914/numpy-2.4.4-cp312-cp312-win32.whl", hash = "sha256:0d35aea54ad1d420c812bfa0385c71cd7cc5bcf7c65fed95fc2cd02fe8c79827", size = 5961117, upload-time = "2026-03-29T13:19:13.464Z" },
    { url = "https://files.pythonhosted.org/packages/2d/5b/e1deebf88ff431b01b7406ca3583ab2bbb90972bbe1c568732e49c844f7e/numpy-2.4.4-cp312-cp312-win_amd64.whl", hash = "sha256:b5f0362dc928a6ecd9db58868fca5e48485205e3855957bdedea308f8672ea4a", size = 12320584, upload-time = "2026-03-29T13:19:16.155Z" },
    { url = "https://files.pythonhosted.org/packages/58/89/e4e856ac82a68c3ed64486a544977d0e7bdd18b8da75b78a577ca31c4395/numpy-2.4.4-cp312-cp312-win_arm64.whl", hash = "sha256:846300f379b5b12cc769334464656bc882e0735d27d9726568bc932fdc49d5ec", size = 10221450, upload-time = "2026-03-29T13:19:18.994Z" },
]

[[package]]
name = "packaging"
version = "26.2"
source = { registry = "https://pypi.org/simple" }
sdist = { url = "https://files.pythonhosted.org/packages/d7/f1/e7a6dd94a8d4a5626c03e4e99c87f241ba9e350cd9e6d75123f992427270/packaging-26.2.tar.gz", hash = "sha256:ff452ff5a3e828ce110190feff1178bb1f2ea2281fa2075aadb987c2fb221661", size = 228134, upload-time = "2026-04-24T20:15:23.917Z" }
wheels = [
    { url = "https://files.pythonhosted.org/packages/df/b2/87e62e8c3e2f4b32e5fe99e0b86d576da1312593b39f47d8ceef365e95ed/packaging-26.2-py3-none-any.whl", hash = "sha256:5fc45236b9446107ff2415ce77c807cee2862cb6fac22b8a73826d0693b0980e", size = 100195, upload-time = "2026-04-24T20:15:22.081Z" },
]

[[package]]
name = "pluggy"
version = "1.6.0"
source = { registry = "https://pypi.org/simple" }
sdist = { url = "https://files.pythonhosted.org/packages/f9/e2/3e91f31a7d2b083fe6ef3fa267035b518369d9511ffab804f839851d2779/pluggy-1.6.0.tar.gz", hash = "sha256:7dcc130b76258d33b90f61b658791dede3486c3e6bfb003ee5c9bfb396dd22f3", size = 69412, upload-time = "2025-05-15T12:30:07.975Z" }
wheels = [
    { url = "https://files.pythonhosted.org/packages/54/20/4d324d65cc6d9205fabedc306948156824eb9f0ee1633355a8f7ec5c66bf/pluggy-1.6.0-py3-none-any.whl", hash = "sha256:e920276dd6813095e9377c0bc5566d94c932c33b27a3e3945d8389c374dd4746", size = 20538, upload-time = "2025-05-15T12:30:06.134Z" },
]

[[package]]
name = "polars"
version = "1.40.1"
source = { registry = "https://pypi.org/simple" }
dependencies = [
    { name = "polars-runtime-32" },
]
sdist = { url = "https://files.pythonhosted.org/packages/b3/8c/bc9bc948058348ed43117cecc3007cd608f395915dae8a00974579a5dab1/polars-1.40.1.tar.gz", hash = "sha256:ab2694134b137596b5a59bfd7b4c54ebbc9b59f9403127f18e32d363777552e8", size = 733574, upload-time = "2026-04-22T19:15:55.507Z" }
wheels = [
    { url = "https://files.pythonhosted.org/packages/ea/91/74fc60d94488685a92ac9d49d7ec55f3e91fe9b77942a6235a5fa7f249c3/polars-1.40.1-py3-none-any.whl", hash = "sha256:c0f861219d1319cdea45c4ce4d30355a47176b8f98dcedf95ea8269f131b8abd", size = 828723, upload-time = "2026-04-22T19:14:25.452Z" },
]

[[package]]
name = "polars-runtime-32"
version = "1.40.1"
source = { registry = "https://pypi.org/simple" }
sdist = { url = "https://files.pythonhosted.org/packages/54/ba/26d40f039be9f552b5fd7365a621bdfc0f8e912ef77094ae4693491b0bae/polars_runtime_32-1.40.1.tar.gz", hash = "sha256:37f3065615d1bf90d03b5326222df4c5c1f8a5d33e50470aa588e3465e6eb814", size = 2935843, upload-time = "2026-04-22T19:15:57.26Z" }
wheels = [
    { url = "https://files.pythonhosted.org/packages/7d/46/22c8af5eed68ac2eeb556e0fa3ca8a7b798e984ceff4450888f3b5ac61fd/polars_runtime_32-1.40.1-cp310-abi3-macosx_10_12_x86_64.whl", hash = "sha256:b748ef652270cc49e9e69f99a035e0eb4d5f856d42bcd6ac4d9d80a40142aa1e", size = 52098755, upload-time = "2026-04-22T19:14:28.555Z" },
    { url = "https://files.pythonhosted.org/packages/c6/3e/48599a38009ca60ff82a6f38c8a621ce3c0286aa7397c7d79e741bd9060e/polars_runtime_32-1.40.1-cp310-abi3-macosx_11_0_arm64.whl", hash = "sha256:d249b3743e05986060cec0a7aaa542d020df6c6b876e556023a310efd581f9be", size = 46367542, upload-time = "2026-04-22T19:14:32.433Z" },
    { url = "https://files.pythonhosted.org/packages/43/e9/384bc069367a1a36ee31c13782c178dbd039b2b873b772d4a0fc23a2373d/polars_runtime_32-1.40.1-cp310-abi3-manylinux_2_17_aarch64.manylinux2014_aarch64.whl", hash = "sha256:5987b30e7aa1059d069498496e8dda35afd592b0ac3d46ed87e3ff8df1ad652c", size = 50252104, upload-time = "2026-04-22T19:14:35.945Z" },
    { url = "https://files.pythonhosted.org/packages/15/ef/7d57ceb0651af74194e97ed6583e148d352f03d696090221b8059cdfc90b/polars_runtime_32-1.40.1-cp310-abi3-manylinux_2_17_x86_64.manylinux2014_x86_64.whl", hash = "sha256:8d7f42a8b3f16fc66002cc0f6516f7dd7653396886ae0ed362ab95c0b3408b59", size = 56250788, upload-time = "2026-04-22T19:14:39.743Z" },
    { url = "https://files.pythonhosted.org/packages/10/0f/e4b3ffc748827a14a474ec9c42e45c066050e440fec57e914091d9adda75/polars_runtime_32-1.40.1-cp310-abi3-musllinux_1_2_aarch64.whl", hash = "sha256:e5f7becc237a7ec9d9a10878dc8e54b73bbf4e2d94a2991c37d7a0b38590d8f9", size = 50432590, upload-time = "2026-04-22T19:14:43.388Z" },
    { url = "https://files.pythonhosted.org/packages/d9/0b/b8d95fbed869fa4caabe9c400e4210374913b376e925e96fdcfa9be6416b/polars_runtime_32-1.40.1-cp310-abi3-musllinux_1_2_x86_64.whl", hash = "sha256:992d14cf191dde043d36fbdbc98a65e43fbc7e9a5024cecd45f838ac4988c1ee", size = 54155564, upload-time = "2026-04-22T19:14:47.239Z" },
    { url = "https://files.pythonhosted.org/packages/06/d9/d091d8fb5cbed5e9536adfed955c4c89987a4cc3b8e73ae4532402b91c74/polars_runtime_32-1.40.1-cp310-abi3-win_amd64.whl", hash = "sha256:f78bb2abd00101cbb23cc0cb068f7e36e081057a15d2ec2dde3dda280709f030", size = 51829755, upload-time = "2026-04-22T19:14:50.85Z" },
    { url = "https://files.pythonhosted.org/packages/65/ad/b33c3022a394f3eb55c3310597cec615412a8a33880055eee191d154a628/polars_runtime_32-1.40.1-cp310-abi3-win_arm64.whl", hash = "sha256:b5cbfaf6b085b420b4bfcbe24e8f665076d1cccfdb80c0484c02a023ce205537", size = 45822104, upload-time = "2026-04-22T19:14:54.192Z" },
]

[[package]]
name = "pyarrow"
version = "24.0.0"
source = { registry = "https://pypi.org/simple" }
sdist = { url = "https://files.pythonhosted.org/packages/91/13/13e1069b351bdc3881266e11147ffccf687505dbb0ea74036237f5d454a5/pyarrow-24.0.0.tar.gz", hash = "sha256:85fe721a14dd823aca09127acbb06c3ca723efbd436c004f16bca601b04dcc83", size = 1180261, upload-time = "2026-04-21T10:51:25.837Z" }
wheels = [
    { url = "https://files.pythonhosted.org/packages/b4/a9/9686d9f07837f91f775e8932659192e02c74f9d8920524b480b85212cc68/pyarrow-24.0.0-cp312-cp312-macosx_12_0_arm64.whl", hash = "sha256:6233c9ed9ab9d1db47de57d9753256d9dcffbf42db341576099f0fd9f6bf4810", size = 34981559, upload-time = "2026-04-21T10:47:22.17Z" },
    { url = "https://files.pythonhosted.org/packages/80/b6/0ddf0e9b6ead3474ab087ae598c76b031fc45532bf6a63f3a553440fb258/pyarrow-24.0.0-cp312-cp312-macosx_12_0_x86_64.whl", hash = "sha256:f7616236ec1bc2b15bfdec22a71ab38851c86f8f05ff64f379e1278cf20c634a", size = 36663654, upload-time = "2026-04-21T10:47:28.315Z" },
    { url = "https://files.pythonhosted.org/packages/7c/3b/926382efe8ce27ba729071d3566ade6dfb86bdf112f366000196b2f5780a/pyarrow-24.0.0-cp312-cp312-manylinux_2_28_aarch64.whl", hash = "sha256:1617043b99bd33e5318ae18eb2919af09c71322ef1ca46566cdafc6e6712fb66", size = 45679394, upload-time = "2026-04-21T10:47:34.821Z" },
    { url = "https://files.pythonhosted.org/packages/b3/7a/829f7d9dfd37c207206081d6dad474d81dde29952401f07f2ba507814818/pyarrow-24.0.0-cp312-cp312-manylinux_2_28_x86_64.whl", hash = "sha256:6165461f55ef6314f026de6638d661188e3455d3ec49834556a0ebbdbace18bb", size = 48863122, upload-time = "2026-04-21T10:47:42.056Z" },
    { url = "https://files.pythonhosted.org/packages/5f/e8/f88ce625fe8babaae64e8db2d417c7653adb3019b08aae85c5ed787dc816/pyarrow-24.0.0-cp312-cp312-musllinux_1_2_aarch64.whl", hash = "sha256:3b13dedfe76a0ad2d1d859b0811b53827a4e9d93a0bcb05cf59333ab4980cc7e", size = 49376032, upload-time = "2026-04-21T10:47:48.967Z" },
    { url = "https://files.pythonhosted.org/packages/36/7a/82c363caa145fff88fb475da50d3bf52bb024f61917be5424c3392eaf878/pyarrow-24.0.0-cp312-cp312-musllinux_1_2_x86_64.whl", hash = "sha256:25ea65d868eb04015cd18e6df2fbe98f07e5bda2abefabcb88fce39a947716f6", size = 51929490, upload-time = "2026-04-21T10:47:55.981Z" },
    { url = "https://files.pythonhosted.org/packages/66/1c/e3e72c8014ad2743ca64a701652c733cc5cbcee15c0463a32a8c55518d9e/pyarrow-24.0.0-cp312-cp312-win_amd64.whl", hash = "sha256:295f0a7f2e242dabd513737cf076007dc5b2d59237e3eca37b05c0c6446f3826", size = 27355660, upload-time = "2026-04-21T10:48:01.718Z" },
]

[[package]]
name = "pygments"
version = "2.20.0"
source = { registry = "https://pypi.org/simple" }
sdist = { url = "https://files.pythonhosted.org/packages/c3/b2/bc9c9196916376152d655522fdcebac55e66de6603a76a02bca1b6414f6c/pygments-2.20.0.tar.gz", hash = "sha256:6757cd03768053ff99f3039c1a36d6c0aa0b263438fcab17520b30a303a82b5f", size = 4955991, upload-time = "2026-03-29T13:29:33.898Z" }
wheels = [
    { url = "https://files.pythonhosted.org/packages/f4/7e/a72dd26f3b0f4f2bf1dd8923c85f7ceb43172af56d63c7383eb62b332364/pygments-2.20.0-py3-none-any.whl", hash = "sha256:81a9e26dd42fd28a23a2d169d86d7ac03b46e2f8b59ed4698fb4785f946d0176", size = 1231151, upload-time = "2026-03-29T13:29:30.038Z" },
]

[[package]]
name = "pytest"
version = "9.0.3"
source = { registry = "https://pypi.org/simple" }
dependencies = [
    { name = "colorama", marker = "sys_platform == 'win32'" },
    { name = "iniconfig" },
    { name = "packaging" },
    { name = "pluggy" },
    { name = "pygments" },
]
sdist = { url = "https://files.pythonhosted.org/packages/7d/0d/549bd94f1a0a402dc8cf64563a117c0f3765662e2e668477624baeec44d5/pytest-9.0.3.tar.gz", hash = "sha256:b86ada508af81d19edeb213c681b1d48246c1a91d304c6c81a427674c17eb91c", size = 1572165, upload-time = "2026-04-07T17:16:18.027Z" }
wheels = [
    { url = "https://files.pythonhosted.org/packages/d4/24/a372aaf5c9b7208e7112038812994107bc65a84cd00e0354a88c2c77a617/pytest-9.0.3-py3-none-any.whl", hash = "sha256:2c5efc453d45394fdd706ade797c0a81091eccd1d6e4bccfcd476e2b8e0ab5d9", size = 375249, upload-time = "2026-04-07T17:16:16.13Z" },
]

[[package]]
name = "pytest-cov"
version = "7.1.0"
source = { registry = "https://pypi.org/simple" }
dependencies = [
    { name = "coverage" },
    { name = "pluggy" },
    { name = "pytest" },
]
sdist = { url = "https://files.pythonhosted.org/packages/b1/51/a849f96e117386044471c8ec2bd6cfebacda285da9525c9106aeb28da671/pytest_cov-7.1.0.tar.gz", hash = "sha256:30674f2b5f6351aa09702a9c8c364f6a01c27aae0c1366ae8016160d1efc56b2", size = 55592, upload-time = "2026-03-21T20:11:16.284Z" }
wheels = [
    { url = "https://files.pythonhosted.org/packages/9d/7a/d968e294073affff457b041c2be9868a40c1c71f4a35fcc1e45e5493067b/pytest_cov-7.1.0-py3-none-any.whl", hash = "sha256:a0461110b7865f9a271aa1b51e516c9a95de9d696734a2f71e3e78f46e1d4678", size = 22876, upload-time = "2026-03-21T20:11:14.438Z" },
]

[[package]]
name = "ruff"
version = "0.15.12"
source = { registry = "https://pypi.org/simple" }
sdist = { url = "https://files.pythonhosted.org/packages/99/43/3291f1cc9106f4c63bdce7a8d0df5047fe8422a75b091c16b5e9355e0b11/ruff-0.15.12.tar.gz", hash = "sha256:ecea26adb26b4232c0c2ca19ccbc0083a68344180bba2a600605538ce51a40a6", size = 4643852, upload-time = "2026-04-24T18:17:14.305Z" }
wheels = [
    { url = "https://files.pythonhosted.org/packages/c3/6e/e78ffb61d4686f3d96ba3df2c801161843746dcbcbb17a1e927d4829312b/ruff-0.15.12-py3-none-linux_armv6l.whl", hash = "sha256:f86f176e188e94d6bdbc09f09bfd9dc729059ad93d0e7390b5a73efe19f8861c", size = 10640713, upload-time = "2026-04-24T18:17:22.841Z" },
    { url = "https://files.pythonhosted.org/packages/ae/08/a317bc231fb9e7b93e4ef3089501e51922ff88d6936ce5cf870c4fe55419/ruff-0.15.12-py3-none-macosx_10_12_x86_64.whl", hash = "sha256:e3bcd123364c3770b8e1b7baaf343cc99a35f197c5c6e8af79015c666c423a6c", size = 11069267, upload-time = "2026-04-24T18:17:30.105Z" },
    { url = "https://files.pythonhosted.org/packages/aa/a4/f828e9718d3dce1f5f11c39c4f65afd32783c8b2aebb2e3d259e492c47bd/ruff-0.15.12-py3-none-macosx_11_0_arm64.whl", hash = "sha256:fe87510d000220aa1ed530d4448a7c696a0cae1213e5ec30e5874287b66557b5", size = 10397182, upload-time = "2026-04-24T18:17:07.177Z" },
    { url = "https://files.pythonhosted.org/packages/71/e0/3310fc6d1b5e1fdea22bf3b1b807c7e187b581021b0d7d4514cccdb5fb71/ruff-0.15.12-py3-none-manylinux_2_17_aarch64.manylinux2014_aarch64.whl", hash = "sha256:84a1630093121375a3e2a95b4a6dc7b59e2b4ee76216e32d81aae550a832d002", size = 10758012, upload-time = "2026-04-24T18:16:55.759Z" },
    { url = "https://files.pythonhosted.org/packages/11/c1/a606911aee04c324ddaa883ae418f3569792fd3c4a10c50e0dd0a2311e1e/ruff-0.15.12-py3-none-manylinux_2_17_armv7l.manylinux2014_armv7l.whl", hash = "sha256:fb129f40f114f089ebe0ca56c0d251cf2061b17651d464bb6478dc01e69f11f5", size = 10447479, upload-time = "2026-04-24T18:16:51.677Z" },
    { url = "https://files.pythonhosted.org/packages/9d/68/4201e8444f0894f21ab4aeeaee68aa4f10b51613514a20d80bd628d57e88/ruff-0.15.12-py3-none-manylinux_2_17_i686.manylinux2014_i686.whl", hash = "sha256:b0c862b172d695db7598426b8af465e7e9ac00a3ea2a3630ee67eb82e366aaa6", size = 11234040, upload-time = "2026-04-24T18:17:16.529Z" },
    { url = "https://files.pythonhosted.org/packages/34/ff/8a6d6cf4ccc23fd67060874e832c18919d1557a0611ebef03fdb01fff11e/ruff-0.15.12-py3-none-manylinux_2_17_ppc64le.manylinux2014_ppc64le.whl", hash = "sha256:2849ea9f3484c3aca43a82f484210370319e7170df4dfe4843395ddf6c57bc33", size = 12087377, upload-time = "2026-04-24T18:17:04.944Z" },
    { url = "https://files.pythonhosted.org/packages/85/f6/c669cf73f5152f623d34e69866a46d5e6185816b19fcd5b6dd8a2d299922/ruff-0.15.12-py3-none-manylinux_2_17_s390x.manylinux2014_s390x.whl", hash = "sha256:9e77c7e51c07fe396826d5969a5b846d9cd4c402535835fb6e21ce8b28fef847", size = 11367784, upload-time = "2026-04-24T18:17:25.409Z" },
    { url = "https://files.pythonhosted.org/packages/e8/39/c61d193b8a1daaa8977f7dea9e8d8ba866e02ea7b65d32f6861693aa4c12/ruff-0.15.12-py3-none-manylinux_2_17_x86_64.manylinux2014_x86_64.whl", hash = "sha256:83b2f4f2f3b1026b5fb449b467d9264bf22067b600f7b6f41fc5958909f449d0", size = 11344088, upload-time = "2026-04-24T18:17:12.258Z" },
    { url = "https://files.pythonhosted.org/packages/c2/8d/49afab3645e31e12c590acb6d3b5b69d7aab5b81926dbaf7461f9441f37a/ruff-0.15.12-py3-none-manylinux_2_31_riscv64.whl", hash = "sha256:9ba3b8f1afd7e2e43d8943e55f249e13f9682fde09711644a6e7290eb4f3e339", size = 11271770, upload-time = "2026-04-24T18:17:02.457Z" },
    { url = "https://files.pythonhosted.org/packages/46/06/33f41fe94403e2b755481cdfb9b7ef3e4e0ed031c4581124658d935d52b4/ruff-0.15.12-py3-none-musllinux_1_2_aarch64.whl", hash = "sha256:e852ba9fdc890655e1d78f2df1499efbe0e54126bd405362154a75e2bde159c5", size = 10719355, upload-time = "2026-04-24T18:17:27.648Z" },
    { url = "https://files.pythonhosted.org/packages/0d/59/18aa4e014debbf559670e4048e39260a85c7fcee84acfd761ac01e7b8d35/ruff-0.15.12-py3-none-musllinux_1_2_armv7l.whl", hash = "sha256:dd8aed930da53780d22fc70bdf84452c843cf64f8cb4eb38984319c24c5cd5fd", size = 10462758, upload-time = "2026-04-24T18:17:32.347Z" },
    { url = "https://files.pythonhosted.org/packages/25/e7/cc9f16fd0f3b5fddcbd7ec3d6ae30c8f3fde1047f32a4093a98d633c6570/ruff-0.15.12-py3-none-musllinux_1_2_i686.whl", hash = "sha256:01da3988d225628b709493d7dc67c3b9b12c0210016b08690ef9bd27970b262b", size = 10953498, upload-time = "2026-04-24T18:17:20.674Z" },
    { url = "https://files.pythonhosted.org/packages/72/7a/a9ba7f98c7a575978698f4230c5e8cc54bbc761af34f560818f933dafa0c/ruff-0.15.12-py3-none-musllinux_1_2_x86_64.whl", hash = "sha256:9cae0f92bd5700d1213188b31cd3bdd2b315361296d10b96b8e2337d3d11f53e", size = 11447765, upload-time = "2026-04-24T18:17:09.755Z" },
    { url = "https://files.pythonhosted.org/packages/ea/f9/0ae446942c846b8266059ad8a30702a35afae55f5cdc54c5adf8d7afdc27/ruff-0.15.12-py3-none-win32.whl", hash = "sha256:d0185894e038d7043ba8fd6aee7499ece6462dc0ea9f1e260c7451807c714c20", size = 10657277, upload-time = "2026-04-24T18:17:18.591Z" },
    { url = "https://files.pythonhosted.org/packages/33/f1/9614e03e1cdcbf9437570b5400ced8a720b5db22b28d8e0f1bda429f660d/ruff-0.15.12-py3-none-win_amd64.whl", hash = "sha256:c87a162d61ab3adca47c03f7f717c68672edec7d1b5499e652331780fe74950d", size = 11837758, upload-time = "2026-04-24T18:17:00.113Z" },
    { url = "https://files.pythonhosted.org/packages/c0/98/6beb4b351e472e5f4c4613f7c35a5290b8be2497e183825310c4c3a3984b/ruff-0.15.12-py3-none-win_arm64.whl", hash = "sha256:a538f7a82d061cee7be55542aca1d86d1393d55d81d4fcc314370f4340930d4f", size = 11120821, upload-time = "2026-04-24T18:16:57.979Z" },
]

[[package]]
name = "sequence-properties-calc-script"
version = "0.0.0"
source = { virtual = "." }

[package.dev-dependencies]
dev = [
    { name = "biopython" },
    { name = "numpy" },
    { name = "polars" },
    { name = "pyarrow" },
    { name = "pytest" },
    { name = "pytest-cov" },
    { name = "ruff" },
]

[package.metadata]

[package.metadata.requires-dev]
dev = [
    { name = "biopython", specifier = ">=1.84" },
    { name = "numpy", specifier = ">=2.0.0" },
    { name = "polars", specifier = ">=1.39.0" },
    { name = "pyarrow", specifier = ">=18.0.0" },
    { name = "pytest", specifier = ">=9.0.2" },
    { name = "pytest-cov", specifier = ">=6.0.0" },
    { name = "ruff", specifier = ">=0.7.0" },
]
